
Microsoft Visual Studio Solution File, Format Version 12.00
# Visual Studio 14
VisualStudioVersion = 14.0.25420.1
MinimumVisualStudioVersion = 10.0.40219.1
Project("{FAE04EC0-301F-11D3-BF4B-00C04F79EFBC}") = "Jobbie.Scheduler", "Jobbie.Scheduler\Jobbie.Scheduler.csproj", "{E389C604-63E4-43EE-81AD-12859622C1B8}"
EndProject
Project("{FAE04EC0-301F-11D3-BF4B-00C04F79EFBC}") = "Jobbie.Domain", "Jobbie.Domain\Jobbie.Domain.csproj", "{8AB77DFF-0F91-4967-87F9-461D07CFBFC6}"
EndProject
Project("{FAE04EC0-301F-11D3-BF4B-00C04F79EFBC}") = "Jobbie.Infrastructure", "Jobbie.Infrastructure\Jobbie.Infrastructure.csproj", "{66D9D648-FDFC-4E35-B563-04494767223A}"
EndProject
Project("{FAE04EC0-301F-11D3-BF4B-00C04F79EFBC}") = "Jobbie.Infrastructure.Autofac", "Jobbie.Infrastructure.Autofac\Jobbie.Infrastructure.Autofac.csproj", "{D7ECF8DD-946F-49ED-8B97-7E63F0AF34A1}"
EndProject
Project("{FAE04EC0-301F-11D3-BF4B-00C04F79EFBC}") = "Jobbie.Scheduler.Autofac", "Jobbie.Scheduler.Autofac\Jobbie.Scheduler.Autofac.csproj", "{7303DB27-FF4B-4374-9299-AD48CAFEEAB1}"
EndProject
Project("{FAE04EC0-301F-11D3-BF4B-00C04F79EFBC}") = "Jobbie.Sample.Client.WebApi.Host", "Jobbie.Sample.Client.WebApi.Host\Jobbie.Sample.Client.WebApi.Host.csproj", "{66DBC5DD-495D-48C4-B0EF-A8E91D63576B}"
EndProject
Project("{FAE04EC0-301F-11D3-BF4B-00C04F79EFBC}") = "Jobbie.Executor", "Jobbie.Executor\Jobbie.Executor.csproj", "{83BB7D99-70F7-4F42-A837-364A162FBA3A}"
EndProject
Project("{FAE04EC0-301F-11D3-BF4B-00C04F79EFBC}") = "Jobbie.Sample.Executor.Host", "Jobbie.Sample.Executor.Host\Jobbie.Sample.Executor.Host.csproj", "{AE6384B1-7458-4E16-AB88-6F6AB6F90CAB}"
EndProject
Project("{FAE04EC0-301F-11D3-BF4B-00C04F79EFBC}") = "Jobbie.Sample.Scheduler.Host", "Jobbie.Sample.Scheduler.Host\Jobbie.Sample.Scheduler.Host.csproj", "{517CBA9D-9D66-48D7-A0DE-67A2AAA9804E}"
EndProject
Project("{FAE04EC0-301F-11D3-BF4B-00C04F79EFBC}") = "Jobbie.Sample.Scheduler.Contracts", "Jobbie.Sample.Scheduler.Contracts\Jobbie.Sample.Scheduler.Contracts.csproj", "{98934F8C-C601-40E9-9F2B-F84A8621A748}"
EndProject
Project("{FAE04EC0-301F-11D3-BF4B-00C04F79EFBC}") = "Jobbie.Infrastructure.DatabaseMigrations", "Jobbie.Infrastructure.DatabaseMigrations\Jobbie.Infrastructure.DatabaseMigrations.csproj", "{256E090D-8386-4DCB-BAEF-2F95A460B059}"
EndProject
Project("{2150E333-8FDC-42A3-9474-1A3956D46DE8}") = "Tests", "Tests", "{E054DF85-16D8-4B15-96F4-5604EFC84357}"
EndProject
Project("{FAE04EC0-301F-11D3-BF4B-00C04F79EFBC}") = "Jobbie.Domain.Tests.Unit", "Jobbie.Domain.Tests.Unit\Jobbie.Domain.Tests.Unit.csproj", "{8024C293-0D70-44F2-8629-8C9EB5761561}"
EndProject
Project("{FAE04EC0-301F-11D3-BF4B-00C04F79EFBC}") = "Jobbie.Executor.Tests.Unit", "Jobbie.Executor.Tests.Unit\Jobbie.Executor.Tests.Unit.csproj", "{BB46EA32-A9C3-4AD9-BB16-CE021E3F5307}"
EndProject
Project("{FAE04EC0-301F-11D3-BF4B-00C04F79EFBC}") = "Jobbie.Scheduler.Tests.Unit", "Jobbie.Scheduler.Tests.Unit\Jobbie.Scheduler.Tests.Unit.csproj", "{BD47628D-0BAB-4402-8655-C286218309C8}"
EndProject
Project("{FAE04EC0-301F-11D3-BF4B-00C04F79EFBC}") = "Jobbie.Infrastructure.Tests.Unit", "Jobbie.Infrastructure.Tests.Unit\Jobbie.Infrastructure.Tests.Unit.csproj", "{6AF72D3C-E2D1-4D61-8F10-067320923F47}"
EndProject
Project("{8BB2217D-0F2D-49D1-97BC-3654ED321F3B}") = "Jobbie.Sample.UI.Host", "Jobbie.Sample.UI.Host\Jobbie.Sample.UI.Host.xproj", "{99E7C184-8A63-432F-9354-5394ED7E942A}"
EndProject
Project("{FAE04EC0-301F-11D3-BF4B-00C04F79EFBC}") = "Jobbie.Scheduler.Tests.Integration", "Jobbie.Scheduler.Tests.Integration\Jobbie.Scheduler.Tests.Integration.csproj", "{2FB7D4D9-703E-4D28-B41E-FE755C5486B4}"
EndProject
Global
	GlobalSection(SolutionConfigurationPlatforms) = preSolution
		Debug|Any CPU = Debug|Any CPU
		Release|Any CPU = Release|Any CPU
	EndGlobalSection
	GlobalSection(ProjectConfigurationPlatforms) = postSolution
		{E389C604-63E4-43EE-81AD-12859622C1B8}.Debug|Any CPU.ActiveCfg = Debug|Any CPU
		{E389C604-63E4-43EE-81AD-12859622C1B8}.Debug|Any CPU.Build.0 = Debug|Any CPU
		{E389C604-63E4-43EE-81AD-12859622C1B8}.Release|Any CPU.ActiveCfg = Release|Any CPU
		{E389C604-63E4-43EE-81AD-12859622C1B8}.Release|Any CPU.Build.0 = Release|Any CPU
		{8AB77DFF-0F91-4967-87F9-461D07CFBFC6}.Debug|Any CPU.ActiveCfg = Debug|Any CPU
		{8AB77DFF-0F91-4967-87F9-461D07CFBFC6}.Debug|Any CPU.Build.0 = Debug|Any CPU
		{8AB77DFF-0F91-4967-87F9-461D07CFBFC6}.Release|Any CPU.ActiveCfg = Release|Any CPU
		{8AB77DFF-0F91-4967-87F9-461D07CFBFC6}.Release|Any CPU.Build.0 = Release|Any CPU
		{66D9D648-FDFC-4E35-B563-04494767223A}.Debug|Any CPU.ActiveCfg = Debug|Any CPU
		{66D9D648-FDFC-4E35-B563-04494767223A}.Debug|Any CPU.Build.0 = Debug|Any CPU
		{66D9D648-FDFC-4E35-B563-04494767223A}.Release|Any CPU.ActiveCfg = Release|Any CPU
		{66D9D648-FDFC-4E35-B563-04494767223A}.Release|Any CPU.Build.0 = Release|Any CPU
		{D7ECF8DD-946F-49ED-8B97-7E63F0AF34A1}.Debug|Any CPU.ActiveCfg = Debug|Any CPU
		{D7ECF8DD-946F-49ED-8B97-7E63F0AF34A1}.Debug|Any CPU.Build.0 = Debug|Any CPU
		{D7ECF8DD-946F-49ED-8B97-7E63F0AF34A1}.Release|Any CPU.ActiveCfg = Release|Any CPU
		{D7ECF8DD-946F-49ED-8B97-7E63F0AF34A1}.Release|Any CPU.Build.0 = Release|Any CPU
		{7303DB27-FF4B-4374-9299-AD48CAFEEAB1}.Debug|Any CPU.ActiveCfg = Debug|Any CPU
		{7303DB27-FF4B-4374-9299-AD48CAFEEAB1}.Debug|Any CPU.Build.0 = Debug|Any CPU
		{7303DB27-FF4B-4374-9299-AD48CAFEEAB1}.Release|Any CPU.ActiveCfg = Release|Any CPU
		{7303DB27-FF4B-4374-9299-AD48CAFEEAB1}.Release|Any CPU.Build.0 = Release|Any CPU
		{66DBC5DD-495D-48C4-B0EF-A8E91D63576B}.Debug|Any CPU.ActiveCfg = Debug|Any CPU
		{66DBC5DD-495D-48C4-B0EF-A8E91D63576B}.Debug|Any CPU.Build.0 = Debug|Any CPU
		{66DBC5DD-495D-48C4-B0EF-A8E91D63576B}.Release|Any CPU.ActiveCfg = Release|Any CPU
		{66DBC5DD-495D-48C4-B0EF-A8E91D63576B}.Release|Any CPU.Build.0 = Release|Any CPU
		{83BB7D99-70F7-4F42-A837-364A162FBA3A}.Debug|Any CPU.ActiveCfg = Debug|Any CPU
		{83BB7D99-70F7-4F42-A837-364A162FBA3A}.Debug|Any CPU.Build.0 = Debug|Any CPU
		{83BB7D99-70F7-4F42-A837-364A162FBA3A}.Release|Any CPU.ActiveCfg = Release|Any CPU
		{83BB7D99-70F7-4F42-A837-364A162FBA3A}.Release|Any CPU.Build.0 = Release|Any CPU
		{AE6384B1-7458-4E16-AB88-6F6AB6F90CAB}.Debug|Any CPU.ActiveCfg = Debug|Any CPU
		{AE6384B1-7458-4E16-AB88-6F6AB6F90CAB}.Debug|Any CPU.Build.0 = Debug|Any CPU
		{AE6384B1-7458-4E16-AB88-6F6AB6F90CAB}.Release|Any CPU.ActiveCfg = Release|Any CPU
		{AE6384B1-7458-4E16-AB88-6F6AB6F90CAB}.Release|Any CPU.Build.0 = Release|Any CPU
		{517CBA9D-9D66-48D7-A0DE-67A2AAA9804E}.Debug|Any CPU.ActiveCfg = Debug|Any CPU
		{517CBA9D-9D66-48D7-A0DE-67A2AAA9804E}.Debug|Any CPU.Build.0 = Debug|Any CPU
		{517CBA9D-9D66-48D7-A0DE-67A2AAA9804E}.Release|Any CPU.ActiveCfg = Release|Any CPU
		{517CBA9D-9D66-48D7-A0DE-67A2AAA9804E}.Release|Any CPU.Build.0 = Release|Any CPU
		{98934F8C-C601-40E9-9F2B-F84A8621A748}.Debug|Any CPU.ActiveCfg = Debug|Any CPU
		{98934F8C-C601-40E9-9F2B-F84A8621A748}.Debug|Any CPU.Build.0 = Debug|Any CPU
		{98934F8C-C601-40E9-9F2B-F84A8621A748}.Release|Any CPU.ActiveCfg = Release|Any CPU
		{98934F8C-C601-40E9-9F2B-F84A8621A748}.Release|Any CPU.Build.0 = Release|Any CPU
		{256E090D-8386-4DCB-BAEF-2F95A460B059}.Debug|Any CPU.ActiveCfg = Debug|Any CPU
		{256E090D-8386-4DCB-BAEF-2F95A460B059}.Debug|Any CPU.Build.0 = Debug|Any CPU
		{256E090D-8386-4DCB-BAEF-2F95A460B059}.Release|Any CPU.ActiveCfg = Release|Any CPU
		{256E090D-8386-4DCB-BAEF-2F95A460B059}.Release|Any CPU.Build.0 = Release|Any CPU
		{8024C293-0D70-44F2-8629-8C9EB5761561}.Debug|Any CPU.ActiveCfg = Debug|Any CPU
		{8024C293-0D70-44F2-8629-8C9EB5761561}.Debug|Any CPU.Build.0 = Debug|Any CPU
		{8024C293-0D70-44F2-8629-8C9EB5761561}.Release|Any CPU.ActiveCfg = Release|Any CPU
		{8024C293-0D70-44F2-8629-8C9EB5761561}.Release|Any CPU.Build.0 = Release|Any CPU
		{BB46EA32-A9C3-4AD9-BB16-CE021E3F5307}.Debug|Any CPU.ActiveCfg = Debug|Any CPU
		{BB46EA32-A9C3-4AD9-BB16-CE021E3F5307}.Debug|Any CPU.Build.0 = Debug|Any CPU
		{BB46EA32-A9C3-4AD9-BB16-CE021E3F5307}.Release|Any CPU.ActiveCfg = Release|Any CPU
		{BB46EA32-A9C3-4AD9-BB16-CE021E3F5307}.Release|Any CPU.Build.0 = Release|Any CPU
		{BD47628D-0BAB-4402-8655-C286218309C8}.Debug|Any CPU.ActiveCfg = Debug|Any CPU
		{BD47628D-0BAB-4402-8655-C286218309C8}.Debug|Any CPU.Build.0 = Debug|Any CPU
		{BD47628D-0BAB-4402-8655-C286218309C8}.Release|Any CPU.ActiveCfg = Release|Any CPU
		{BD47628D-0BAB-4402-8655-C286218309C8}.Release|Any CPU.Build.0 = Release|Any CPU
		{6AF72D3C-E2D1-4D61-8F10-067320923F47}.Debug|Any CPU.ActiveCfg = Debug|Any CPU
		{6AF72D3C-E2D1-4D61-8F10-067320923F47}.Debug|Any CPU.Build.0 = Debug|Any CPU
		{6AF72D3C-E2D1-4D61-8F10-067320923F47}.Release|Any CPU.ActiveCfg = Release|Any CPU
		{6AF72D3C-E2D1-4D61-8F10-067320923F47}.Release|Any CPU.Build.0 = Release|Any CPU
		{99E7C184-8A63-432F-9354-5394ED7E942A}.Debug|Any CPU.ActiveCfg = Debug|Any CPU
		{99E7C184-8A63-432F-9354-5394ED7E942A}.Debug|Any CPU.Build.0 = Debug|Any CPU
		{99E7C184-8A63-432F-9354-5394ED7E942A}.Release|Any CPU.ActiveCfg = Release|Any CPU
		{99E7C184-8A63-432F-9354-5394ED7E942A}.Release|Any CPU.Build.0 = Release|Any CPU
		{2FB7D4D9-703E-4D28-B41E-FE755C5486B4}.Debug|Any CPU.ActiveCfg = Debug|Any CPU
		{2FB7D4D9-703E-4D28-B41E-FE755C5486B4}.Debug|Any CPU.Build.0 = Debug|Any CPU
		{2FB7D4D9-703E-4D28-B41E-FE755C5486B4}.Release|Any CPU.ActiveCfg = Release|Any CPU
		{2FB7D4D9-703E-4D28-B41E-FE755C5486B4}.Release|Any CPU.Build.0 = Release|Any CPU
	EndGlobalSection
	GlobalSection(SolutionProperties) = preSolution
		HideSolutionNode = FALSE
	EndGlobalSection
	GlobalSection(NestedProjects) = preSolution
		{8024C293-0D70-44F2-8629-8C9EB5761561} = {E054DF85-16D8-4B15-96F4-5604EFC84357}
		{BB46EA32-A9C3-4AD9-BB16-CE021E3F5307} = {E054DF85-16D8-4B15-96F4-5604EFC84357}
		{BD47628D-0BAB-4402-8655-C286218309C8} = {E054DF85-16D8-4B15-96F4-5604EFC84357}
		{6AF72D3C-E2D1-4D61-8F10-067320923F47} = {E054DF85-16D8-4B15-96F4-5604EFC84357}
		{2FB7D4D9-703E-4D28-B41E-FE755C5486B4} = {E054DF85-16D8-4B15-96F4-5604EFC84357}
	EndGlobalSection
EndGlobal
