
Microsoft Visual Studio Solution File, Format Version 12.00
# Visual Studio 14
VisualStudioVersion = 14.0.25420.1
MinimumVisualStudioVersion = 10.0.40219.1
Project("{FAE04EC0-301F-11D3-BF4B-00C04F79EFBC}") = "Jobbie.Sample.UI.Host", "Jobbie.Sample.UI.Host\Jobbie.Sample.UI.Host.csproj", "{BDFA2928-664B-44CB-8431-F1F3A7E4FB5B}"
EndProject
Global
	GlobalSection(SolutionConfigurationPlatforms) = preSolution
		Debug|Any CPU = Debug|Any CPU
		Release|Any CPU = Release|Any CPU
	EndGlobalSection
	GlobalSection(ProjectConfigurationPlatforms) = postSolution
		{BDFA2928-664B-44CB-8431-F1F3A7E4FB5B}.Debug|Any CPU.ActiveCfg = Debug|Any CPU
		{BDFA2928-664B-44CB-8431-F1F3A7E4FB5B}.Debug|Any CPU.Build.0 = Debug|Any CPU
		{BDFA2928-664B-44CB-8431-F1F3A7E4FB5B}.Release|Any CPU.ActiveCfg = Release|Any CPU
		{BDFA2928-664B-44CB-8431-F1F3A7E4FB5B}.Release|Any CPU.Build.0 = Release|Any CPU
	EndGlobalSection
	GlobalSection(SolutionProperties) = preSolution
		HideSolutionNode = FALSE
	EndGlobalSection
EndGlobal
